// !$*UTF8*$!
{
	archiveVersion = 1;
	classes = {
	};
	objectVersion = 50;
	objects = {

/* Begin PBXBuildFile section */
		6F27342925DD3EE600C7307B /* AppDelegate.swift in Sources */ = {isa = PBXBuildFile; fileRef = 6F27342825DD3EE600C7307B /* AppDelegate.swift */; };
		6F27342B25DD3EE600C7307B /* SceneDelegate.swift in Sources */ = {isa = PBXBuildFile; fileRef = 6F27342A25DD3EE600C7307B /* SceneDelegate.swift */; };
		6F27343225DD3EE800C7307B /* Assets.xcassets in Resources */ = {isa = PBXBuildFile; fileRef = 6F27343125DD3EE800C7307B /* Assets.xcassets */; };
		6F27343525DD3EE800C7307B /* LaunchScreen.storyboard in Resources */ = {isa = PBXBuildFile; fileRef = 6F27343325DD3EE800C7307B /* LaunchScreen.storyboard */; };
		6F27344025DD3EE800C7307B /* MovieListTests.swift in Sources */ = {isa = PBXBuildFile; fileRef = 6F27343F25DD3EE800C7307B /* MovieListTests.swift */; };
		6F27344B25DD3EE800C7307B /* MovieListUITests.swift in Sources */ = {isa = PBXBuildFile; fileRef = 6F27344A25DD3EE800C7307B /* MovieListUITests.swift */; };
		6F27346325DD3FFE00C7307B /* MovieListScreen.storyboard in Resources */ = {isa = PBXBuildFile; fileRef = 6F27346225DD3FFE00C7307B /* MovieListScreen.storyboard */; };
		6F27346925DD401B00C7307B /* MovieListViewController.swift in Sources */ = {isa = PBXBuildFile; fileRef = 6F27346825DD401B00C7307B /* MovieListViewController.swift */; };
		6F27347725DD416000C7307B /* TheMovieTarget.swift in Sources */ = {isa = PBXBuildFile; fileRef = 6F27347625DD416000C7307B /* TheMovieTarget.swift */; };
		6F27347C25DD417900C7307B /* ApiTarget.swift in Sources */ = {isa = PBXBuildFile; fileRef = 6F27347B25DD417900C7307B /* ApiTarget.swift */; };
		6F27348125DD422600C7307B /* NetworkConstants.swift in Sources */ = {isa = PBXBuildFile; fileRef = 6F27348025DD422600C7307B /* NetworkConstants.swift */; };
		6F27348925DD49B000C7307B /* PopularMovieResourceImpl.swift in Sources */ = {isa = PBXBuildFile; fileRef = 6F27348825DD49B000C7307B /* PopularMovieResourceImpl.swift */; };
		6F27349425DD4B3100C7307B /* MovieModal.swift in Sources */ = {isa = PBXBuildFile; fileRef = 6F27349325DD4B3100C7307B /* MovieModal.swift */; };
		6F2734A125DD4D7B00C7307B /* MovieNetwork.swift in Sources */ = {isa = PBXBuildFile; fileRef = 6F2734A025DD4D7B00C7307B /* MovieNetwork.swift */; };
		6F2734A925DD4DC500C7307B /* MultiTarget.swift in Sources */ = {isa = PBXBuildFile; fileRef = 6F2734A825DD4DC500C7307B /* MultiTarget.swift */; };
		6F2734AF25DD559500C7307B /* Url.swift in Sources */ = {isa = PBXBuildFile; fileRef = 6F2734AE25DD559500C7307B /* Url.swift */; };
		6F2734C625DD75D900C7307B /* GetPoster.swift in Sources */ = {isa = PBXBuildFile; fileRef = 6F2734C525DD75D900C7307B /* GetPoster.swift */; };
		6F9BF73925DE687C0006D9C7 /* CollectionView.swift in Sources */ = {isa = PBXBuildFile; fileRef = 6F9BF73825DE687C0006D9C7 /* CollectionView.swift */; };
		6F9BF73E25DE68BB0006D9C7 /* ReusableView.swift in Sources */ = {isa = PBXBuildFile; fileRef = 6F9BF73D25DE68BB0006D9C7 /* ReusableView.swift */; };
		6F9BF74325DE68E40006D9C7 /* NibLoadedView.swift in Sources */ = {isa = PBXBuildFile; fileRef = 6F9BF74225DE68E40006D9C7 /* NibLoadedView.swift */; };
		6F9BF75C25DE6A6C0006D9C7 /* MovieCell.swift in Sources */ = {isa = PBXBuildFile; fileRef = 6F9BF75A25DE6A6C0006D9C7 /* MovieCell.swift */; };
		6F9BF75D25DE6A6C0006D9C7 /* MovieCell.xib in Resources */ = {isa = PBXBuildFile; fileRef = 6F9BF75B25DE6A6C0006D9C7 /* MovieCell.xib */; };
		6F9BF76525DE75F30006D9C7 /* UIImageView.swift in Sources */ = {isa = PBXBuildFile; fileRef = 6F9BF76425DE75F30006D9C7 /* UIImageView.swift */; };
		6F9BF76E25DE90F40006D9C7 /* MyBarButton.swift in Sources */ = {isa = PBXBuildFile; fileRef = 6F9BF76D25DE90F40006D9C7 /* MyBarButton.swift */; };
		6F9BF77625DE92DD0006D9C7 /* UIViewController.swift in Sources */ = {isa = PBXBuildFile; fileRef = 6F9BF77525DE92DD0006D9C7 /* UIViewController.swift */; };
		6F9BF77B25DEBD790006D9C7 /* FooterCollectionReusableView.swift in Sources */ = {isa = PBXBuildFile; fileRef = 6F9BF77A25DEBD790006D9C7 /* FooterCollectionReusableView.swift */; };
		6F9BF78025DED74B0006D9C7 /* Constants.swift in Sources */ = {isa = PBXBuildFile; fileRef = 6F9BF77F25DED74B0006D9C7 /* Constants.swift */; };
		6F9BF78825DEDED10006D9C7 /* BaseViewController.swift in Sources */ = {isa = PBXBuildFile; fileRef = 6F9BF78725DEDED10006D9C7 /* BaseViewController.swift */; };
		6F9DB37425DFC790001E7AA1 /* Alertable.swift in Sources */ = {isa = PBXBuildFile; fileRef = 6F9DB37325DFC790001E7AA1 /* Alertable.swift */; };
		6F9DB38625DFE465001E7AA1 /* DetailScreen.storyboard in Resources */ = {isa = PBXBuildFile; fileRef = 6F9DB38525DFE465001E7AA1 /* DetailScreen.storyboard */; };
		6F9DB38B25DFE6FE001E7AA1 /* DetailViewController.swift in Sources */ = {isa = PBXBuildFile; fileRef = 6F9DB38A25DFE6FE001E7AA1 /* DetailViewController.swift */; };
		6F9DB39025E001AB001E7AA1 /* globalVariables.swift in Sources */ = {isa = PBXBuildFile; fileRef = 6F9DB38F25E001AB001E7AA1 /* globalVariables.swift */; };
		6F9DB39525E00328001E7AA1 /* Array.swift in Sources */ = {isa = PBXBuildFile; fileRef = 6F9DB39425E00328001E7AA1 /* Array.swift */; };
/* End PBXBuildFile section */

/* Begin PBXContainerItemProxy section */
		6F27343C25DD3EE800C7307B /* PBXContainerItemProxy */ = {
			isa = PBXContainerItemProxy;
			containerPortal = 6F27341D25DD3EE600C7307B /* Project object */;
			proxyType = 1;
			remoteGlobalIDString = 6F27342425DD3EE600C7307B;
			remoteInfo = MovieList;
		};
		6F27344725DD3EE800C7307B /* PBXContainerItemProxy */ = {
			isa = PBXContainerItemProxy;
			containerPortal = 6F27341D25DD3EE600C7307B /* Project object */;
			proxyType = 1;
			remoteGlobalIDString = 6F27342425DD3EE600C7307B;
			remoteInfo = MovieList;
		};
/* End PBXContainerItemProxy section */

/* Begin PBXFileReference section */
		6F27342525DD3EE600C7307B /* MovieList.app */ = {isa = PBXFileReference; explicitFileType = wrapper.application; includeInIndex = 0; path = MovieList.app; sourceTree = BUILT_PRODUCTS_DIR; };
		6F27342825DD3EE600C7307B /* AppDelegate.swift */ = {isa = PBXFileReference; lastKnownFileType = sourcecode.swift; path = AppDelegate.swift; sourceTree = "<group>"; };
		6F27342A25DD3EE600C7307B /* SceneDelegate.swift */ = {isa = PBXFileReference; lastKnownFileType = sourcecode.swift; path = SceneDelegate.swift; sourceTree = "<group>"; };
		6F27343125DD3EE800C7307B /* Assets.xcassets */ = {isa = PBXFileReference; lastKnownFileType = folder.assetcatalog; path = Assets.xcassets; sourceTree = "<group>"; };
		6F27343425DD3EE800C7307B /* Base */ = {isa = PBXFileReference; lastKnownFileType = file.storyboard; name = Base; path = Base.lproj/LaunchScreen.storyboard; sourceTree = "<group>"; };
		6F27343625DD3EE800C7307B /* Info.plist */ = {isa = PBXFileReference; lastKnownFileType = text.plist.xml; path = Info.plist; sourceTree = "<group>"; };
		6F27343B25DD3EE800C7307B /* MovieListTests.xctest */ = {isa = PBXFileReference; explicitFileType = wrapper.cfbundle; includeInIndex = 0; path = MovieListTests.xctest; sourceTree = BUILT_PRODUCTS_DIR; };
		6F27343F25DD3EE800C7307B /* MovieListTests.swift */ = {isa = PBXFileReference; lastKnownFileType = sourcecode.swift; path = MovieListTests.swift; sourceTree = "<group>"; };
		6F27344125DD3EE800C7307B /* Info.plist */ = {isa = PBXFileReference; lastKnownFileType = text.plist.xml; path = Info.plist; sourceTree = "<group>"; };
		6F27344625DD3EE800C7307B /* MovieListUITests.xctest */ = {isa = PBXFileReference; explicitFileType = wrapper.cfbundle; includeInIndex = 0; path = MovieListUITests.xctest; sourceTree = BUILT_PRODUCTS_DIR; };
		6F27344A25DD3EE800C7307B /* MovieListUITests.swift */ = {isa = PBXFileReference; lastKnownFileType = sourcecode.swift; path = MovieListUITests.swift; sourceTree = "<group>"; };
		6F27344C25DD3EE800C7307B /* Info.plist */ = {isa = PBXFileReference; lastKnownFileType = text.plist.xml; path = Info.plist; sourceTree = "<group>"; };
		6F27346225DD3FFE00C7307B /* MovieListScreen.storyboard */ = {isa = PBXFileReference; lastKnownFileType = file.storyboard; path = MovieListScreen.storyboard; sourceTree = "<group>"; };
		6F27346825DD401B00C7307B /* MovieListViewController.swift */ = {isa = PBXFileReference; lastKnownFileType = sourcecode.swift; path = MovieListViewController.swift; sourceTree = "<group>"; };
		6F27347625DD416000C7307B /* TheMovieTarget.swift */ = {isa = PBXFileReference; lastKnownFileType = sourcecode.swift; path = TheMovieTarget.swift; sourceTree = "<group>"; };
		6F27347B25DD417900C7307B /* ApiTarget.swift */ = {isa = PBXFileReference; lastKnownFileType = sourcecode.swift; path = ApiTarget.swift; sourceTree = "<group>"; };
		6F27348025DD422600C7307B /* NetworkConstants.swift */ = {isa = PBXFileReference; lastKnownFileType = sourcecode.swift; path = NetworkConstants.swift; sourceTree = "<group>"; };
		6F27348825DD49B000C7307B /* PopularMovieResourceImpl.swift */ = {isa = PBXFileReference; lastKnownFileType = sourcecode.swift; path = PopularMovieResourceImpl.swift; sourceTree = "<group>"; };
		6F27349325DD4B3100C7307B /* MovieModal.swift */ = {isa = PBXFileReference; lastKnownFileType = sourcecode.swift; path = MovieModal.swift; sourceTree = "<group>"; };
		6F2734A025DD4D7B00C7307B /* MovieNetwork.swift */ = {isa = PBXFileReference; lastKnownFileType = sourcecode.swift; path = MovieNetwork.swift; sourceTree = "<group>"; };
		6F2734A825DD4DC500C7307B /* MultiTarget.swift */ = {isa = PBXFileReference; lastKnownFileType = sourcecode.swift; path = MultiTarget.swift; sourceTree = "<group>"; };
		6F2734AE25DD559500C7307B /* Url.swift */ = {isa = PBXFileReference; lastKnownFileType = sourcecode.swift; path = Url.swift; sourceTree = "<group>"; };
		6F2734C525DD75D900C7307B /* GetPoster.swift */ = {isa = PBXFileReference; lastKnownFileType = sourcecode.swift; path = GetPoster.swift; sourceTree = "<group>"; };
		6F9BF73825DE687C0006D9C7 /* CollectionView.swift */ = {isa = PBXFileReference; lastKnownFileType = sourcecode.swift; path = CollectionView.swift; sourceTree = "<group>"; };
		6F9BF73D25DE68BB0006D9C7 /* ReusableView.swift */ = {isa = PBXFileReference; lastKnownFileType = sourcecode.swift; path = ReusableView.swift; sourceTree = "<group>"; };
		6F9BF74225DE68E40006D9C7 /* NibLoadedView.swift */ = {isa = PBXFileReference; lastKnownFileType = sourcecode.swift; path = NibLoadedView.swift; sourceTree = "<group>"; };
		6F9BF75A25DE6A6C0006D9C7 /* MovieCell.swift */ = {isa = PBXFileReference; lastKnownFileType = sourcecode.swift; path = MovieCell.swift; sourceTree = "<group>"; };
		6F9BF75B25DE6A6C0006D9C7 /* MovieCell.xib */ = {isa = PBXFileReference; lastKnownFileType = file.xib; path = MovieCell.xib; sourceTree = "<group>"; };
		6F9BF76425DE75F30006D9C7 /* UIImageView.swift */ = {isa = PBXFileReference; lastKnownFileType = sourcecode.swift; path = UIImageView.swift; sourceTree = "<group>"; };
		6F9BF76D25DE90F40006D9C7 /* MyBarButton.swift */ = {isa = PBXFileReference; lastKnownFileType = sourcecode.swift; path = MyBarButton.swift; sourceTree = "<group>"; };
		6F9BF77525DE92DD0006D9C7 /* UIViewController.swift */ = {isa = PBXFileReference; lastKnownFileType = sourcecode.swift; path = UIViewController.swift; sourceTree = "<group>"; };
		6F9BF77A25DEBD790006D9C7 /* FooterCollectionReusableView.swift */ = {isa = PBXFileReference; lastKnownFileType = sourcecode.swift; path = FooterCollectionReusableView.swift; sourceTree = "<group>"; };
		6F9BF77F25DED74B0006D9C7 /* Constants.swift */ = {isa = PBXFileReference; lastKnownFileType = sourcecode.swift; path = Constants.swift; sourceTree = "<group>"; };
		6F9BF78725DEDED10006D9C7 /* BaseViewController.swift */ = {isa = PBXFileReference; lastKnownFileType = sourcecode.swift; path = BaseViewController.swift; sourceTree = "<group>"; };
		6F9DB37325DFC790001E7AA1 /* Alertable.swift */ = {isa = PBXFileReference; lastKnownFileType = sourcecode.swift; path = Alertable.swift; sourceTree = "<group>"; };
		6F9DB38525DFE465001E7AA1 /* DetailScreen.storyboard */ = {isa = PBXFileReference; lastKnownFileType = file.storyboard; path = DetailScreen.storyboard; sourceTree = "<group>"; };
		6F9DB38A25DFE6FE001E7AA1 /* DetailViewController.swift */ = {isa = PBXFileReference; lastKnownFileType = sourcecode.swift; path = DetailViewController.swift; sourceTree = "<group>"; };
		6F9DB38F25E001AB001E7AA1 /* globalVariables.swift */ = {isa = PBXFileReference; lastKnownFileType = sourcecode.swift; path = globalVariables.swift; sourceTree = "<group>"; };
		6F9DB39425E00328001E7AA1 /* Array.swift */ = {isa = PBXFileReference; lastKnownFileType = sourcecode.swift; path = Array.swift; sourceTree = "<group>"; };
/* End PBXFileReference section */

/* Begin PBXFrameworksBuildPhase section */
		6F27342225DD3EE600C7307B /* Frameworks */ = {
			isa = PBXFrameworksBuildPhase;
			buildActionMask = 2147483647;
			files = (
			);
			runOnlyForDeploymentPostprocessing = 0;
		};
		6F27343825DD3EE800C7307B /* Frameworks */ = {
			isa = PBXFrameworksBuildPhase;
			buildActionMask = 2147483647;
			files = (
			);
			runOnlyForDeploymentPostprocessing = 0;
		};
		6F27344325DD3EE800C7307B /* Frameworks */ = {
			isa = PBXFrameworksBuildPhase;
			buildActionMask = 2147483647;
			files = (
			);
			runOnlyForDeploymentPostprocessing = 0;
		};
/* End PBXFrameworksBuildPhase section */

/* Begin PBXGroup section */
		6F27341C25DD3EE600C7307B = {
			isa = PBXGroup;
			children = (
				6F27342725DD3EE600C7307B /* MovieList */,
				6F27344925DD3EE800C7307B /* MovieListUITests */,
				6F27342625DD3EE600C7307B /* Products */,
			);
			sourceTree = "<group>";
		};
		6F27342625DD3EE600C7307B /* Products */ = {
			isa = PBXGroup;
			children = (
				6F27342525DD3EE600C7307B /* MovieList.app */,
				6F27343B25DD3EE800C7307B /* MovieListTests.xctest */,
				6F27344625DD3EE800C7307B /* MovieListUITests.xctest */,
			);
			name = Products;
			sourceTree = "<group>";
		};
		6F27342725DD3EE600C7307B /* MovieList */ = {
			isa = PBXGroup;
			children = (
				6F9BF76C25DE90DB0006D9C7 /* UIComponents */,
				6F2734C425DD75C900C7307B /* helpers */,
				6F9BF74725DE69280006D9C7 /* Protocols */,
				6F2734AD25DD558B00C7307B /* Extensions */,
				6F27347325DD40BB00C7307B /* Resources */,
				6F27347025DD407800C7307B /* Network */,
				6F27347425DD40E100C7307B /* Constants */,
				6F27347225DD409E00C7307B /* Modals */,
				6F27346725DD400300C7307B /* ViewControllers */,
				6F27345B25DD3FCF00C7307B /* StoryBoards */,
				6F27343E25DD3EE800C7307B /* MovieListTests */,
				6F27342825DD3EE600C7307B /* AppDelegate.swift */,
				6F27342A25DD3EE600C7307B /* SceneDelegate.swift */,
				6F27343125DD3EE800C7307B /* Assets.xcassets */,
				6F27343625DD3EE800C7307B /* Info.plist */,
			);
			path = MovieList;
			sourceTree = "<group>";
		};
		6F27343E25DD3EE800C7307B /* MovieListTests */ = {
			isa = PBXGroup;
			children = (
				6F27343F25DD3EE800C7307B /* MovieListTests.swift */,
				6F27344125DD3EE800C7307B /* Info.plist */,
			);
			path = MovieListTests;
			sourceTree = "<group>";
		};
		6F27344925DD3EE800C7307B /* MovieListUITests */ = {
			isa = PBXGroup;
			children = (
				6F27344A25DD3EE800C7307B /* MovieListUITests.swift */,
				6F27344C25DD3EE800C7307B /* Info.plist */,
			);
			path = MovieListUITests;
			sourceTree = "<group>";
		};
		6F27345B25DD3FCF00C7307B /* StoryBoards */ = {
			isa = PBXGroup;
			children = (
				6F27343325DD3EE800C7307B /* LaunchScreen.storyboard */,
				6F27346225DD3FFE00C7307B /* MovieListScreen.storyboard */,
				6F9DB38525DFE465001E7AA1 /* DetailScreen.storyboard */,
			);
			path = StoryBoards;
			sourceTree = "<group>";
		};
		6F27346725DD400300C7307B /* ViewControllers */ = {
			isa = PBXGroup;
			children = (
				6F27346825DD401B00C7307B /* MovieListViewController.swift */,
				6F9BF78725DEDED10006D9C7 /* BaseViewController.swift */,
				6F9DB38A25DFE6FE001E7AA1 /* DetailViewController.swift */,
			);
			path = ViewControllers;
			sourceTree = "<group>";
		};
		6F27347025DD407800C7307B /* Network */ = {
			isa = PBXGroup;
			children = (
				6F2734A025DD4D7B00C7307B /* MovieNetwork.swift */,
				6F27347525DD412A00C7307B /* ApiTargets */,
				6F27348025DD422600C7307B /* NetworkConstants.swift */,
				6F2734A825DD4DC500C7307B /* MultiTarget.swift */,
			);
			path = Network;
			sourceTree = "<group>";
		};
		6F27347225DD409E00C7307B /* Modals */ = {
			isa = PBXGroup;
			children = (
				6F27349325DD4B3100C7307B /* MovieModal.swift */,
				6F2734D625DD7A4A00C7307B /* Cells */,
			);
			path = Modals;
			sourceTree = "<group>";
		};
		6F27347325DD40BB00C7307B /* Resources */ = {
			isa = PBXGroup;
			children = (
				6F27348825DD49B000C7307B /* PopularMovieResourceImpl.swift */,
			);
			path = Resources;
			sourceTree = "<group>";
		};
		6F27347425DD40E100C7307B /* Constants */ = {
			isa = PBXGroup;
			children = (
				6F9BF77F25DED74B0006D9C7 /* Constants.swift */,
			);
			path = Constants;
			sourceTree = "<group>";
		};
		6F27347525DD412A00C7307B /* ApiTargets */ = {
			isa = PBXGroup;
			children = (
				6F27347B25DD417900C7307B /* ApiTarget.swift */,
				6F27347625DD416000C7307B /* TheMovieTarget.swift */,
			);
			path = ApiTargets;
			sourceTree = "<group>";
		};
		6F2734AD25DD558B00C7307B /* Extensions */ = {
			isa = PBXGroup;
			children = (
				6F2734AE25DD559500C7307B /* Url.swift */,
				6F9BF73825DE687C0006D9C7 /* CollectionView.swift */,
				6F9BF76425DE75F30006D9C7 /* UIImageView.swift */,
				6F9BF77525DE92DD0006D9C7 /* UIViewController.swift */,
				6F9DB37325DFC790001E7AA1 /* Alertable.swift */,
				6F9DB39425E00328001E7AA1 /* Array.swift */,
			);
			path = Extensions;
			sourceTree = "<group>";
		};
		6F2734C425DD75C900C7307B /* helpers */ = {
			isa = PBXGroup;
			children = (
				6F2734C525DD75D900C7307B /* GetPoster.swift */,
				6F9DB38F25E001AB001E7AA1 /* globalVariables.swift */,
			);
			path = helpers;
			sourceTree = "<group>";
		};
		6F2734D625DD7A4A00C7307B /* Cells */ = {
			isa = PBXGroup;
			children = (
				6F9BF75A25DE6A6C0006D9C7 /* MovieCell.swift */,
				6F9BF75B25DE6A6C0006D9C7 /* MovieCell.xib */,
			);
			path = Cells;
			sourceTree = "<group>";
		};
		6F9BF74725DE69280006D9C7 /* Protocols */ = {
			isa = PBXGroup;
			children = (
				6F9BF73D25DE68BB0006D9C7 /* ReusableView.swift */,
				6F9BF74225DE68E40006D9C7 /* NibLoadedView.swift */,
			);
			path = Protocols;
			sourceTree = "<group>";
		};
		6F9BF76C25DE90DB0006D9C7 /* UIComponents */ = {
			isa = PBXGroup;
			children = (
				6F9BF76D25DE90F40006D9C7 /* MyBarButton.swift */,
				6F9BF77A25DEBD790006D9C7 /* FooterCollectionReusableView.swift */,
			);
			path = UIComponents;
			sourceTree = "<group>";
		};
/* End PBXGroup section */

/* Begin PBXNativeTarget section */
		6F27342425DD3EE600C7307B /* MovieList */ = {
			isa = PBXNativeTarget;
			buildConfigurationList = 6F27344F25DD3EE800C7307B /* Build configuration list for PBXNativeTarget "MovieList" */;
			buildPhases = (
				6F27342125DD3EE600C7307B /* Sources */,
				6F27342225DD3EE600C7307B /* Frameworks */,
				6F27342325DD3EE600C7307B /* Resources */,
			);
			buildRules = (
			);
			dependencies = (
			);
			name = MovieList;
			productName = MovieList;
			productReference = 6F27342525DD3EE600C7307B /* MovieList.app */;
			productType = "com.apple.product-type.application";
		};
		6F27343A25DD3EE800C7307B /* MovieListTests */ = {
			isa = PBXNativeTarget;
			buildConfigurationList = 6F27345225DD3EE800C7307B /* Build configuration list for PBXNativeTarget "MovieListTests" */;
			buildPhases = (
				6F27343725DD3EE800C7307B /* Sources */,
				6F27343825DD3EE800C7307B /* Frameworks */,
				6F27343925DD3EE800C7307B /* Resources */,
			);
			buildRules = (
			);
			dependencies = (
				6F27343D25DD3EE800C7307B /* PBXTargetDependency */,
			);
			name = MovieListTests;
			productName = MovieListTests;
			productReference = 6F27343B25DD3EE800C7307B /* MovieListTests.xctest */;
			productType = "com.apple.product-type.bundle.unit-test";
		};
		6F27344525DD3EE800C7307B /* MovieListUITests */ = {
			isa = PBXNativeTarget;
			buildConfigurationList = 6F27345525DD3EE800C7307B /* Build configuration list for PBXNativeTarget "MovieListUITests" */;
			buildPhases = (
				6F27344225DD3EE800C7307B /* Sources */,
				6F27344325DD3EE800C7307B /* Frameworks */,
				6F27344425DD3EE800C7307B /* Resources */,
			);
			buildRules = (
			);
			dependencies = (
				6F27344825DD3EE800C7307B /* PBXTargetDependency */,
			);
			name = MovieListUITests;
			productName = MovieListUITests;
			productReference = 6F27344625DD3EE800C7307B /* MovieListUITests.xctest */;
			productType = "com.apple.product-type.bundle.ui-testing";
		};
/* End PBXNativeTarget section */

/* Begin PBXProject section */
		6F27341D25DD3EE600C7307B /* Project object */ = {
			isa = PBXProject;
			attributes = {
				LastSwiftUpdateCheck = 1220;
				LastUpgradeCheck = 1220;
				TargetAttributes = {
					6F27342425DD3EE600C7307B = {
						CreatedOnToolsVersion = 12.2;
					};
					6F27343A25DD3EE800C7307B = {
						CreatedOnToolsVersion = 12.2;
						TestTargetID = 6F27342425DD3EE600C7307B;
					};
					6F27344525DD3EE800C7307B = {
						CreatedOnToolsVersion = 12.2;
						TestTargetID = 6F27342425DD3EE600C7307B;
					};
				};
			};
			buildConfigurationList = 6F27342025DD3EE600C7307B /* Build configuration list for PBXProject "MovieList" */;
			compatibilityVersion = "Xcode 9.3";
			developmentRegion = en;
			hasScannedForEncodings = 0;
			knownRegions = (
				en,
				Base,
			);
			mainGroup = 6F27341C25DD3EE600C7307B;
			productRefGroup = 6F27342625DD3EE600C7307B /* Products */;
			projectDirPath = "";
			projectRoot = "";
			targets = (
				6F27342425DD3EE600C7307B /* MovieList */,
				6F27343A25DD3EE800C7307B /* MovieListTests */,
				6F27344525DD3EE800C7307B /* MovieListUITests */,
			);
		};
/* End PBXProject section */

/* Begin PBXResourcesBuildPhase section */
		6F27342325DD3EE600C7307B /* Resources */ = {
			isa = PBXResourcesBuildPhase;
			buildActionMask = 2147483647;
			files = (
				6F27343525DD3EE800C7307B /* LaunchScreen.storyboard in Resources */,
				6F27346325DD3FFE00C7307B /* MovieListScreen.storyboard in Resources */,
				6F9DB38625DFE465001E7AA1 /* DetailScreen.storyboard in Resources */,
				6F9BF75D25DE6A6C0006D9C7 /* MovieCell.xib in Resources */,
				6F27343225DD3EE800C7307B /* Assets.xcassets in Resources */,
			);
			runOnlyForDeploymentPostprocessing = 0;
		};
		6F27343925DD3EE800C7307B /* Resources */ = {
			isa = PBXResourcesBuildPhase;
			buildActionMask = 2147483647;
			files = (
			);
			runOnlyForDeploymentPostprocessing = 0;
		};
		6F27344425DD3EE800C7307B /* Resources */ = {
			isa = PBXResourcesBuildPhase;
			buildActionMask = 2147483647;
			files = (
			);
			runOnlyForDeploymentPostprocessing = 0;
		};
/* End PBXResourcesBuildPhase section */

/* Begin PBXSourcesBuildPhase section */
		6F27342125DD3EE600C7307B /* Sources */ = {
			isa = PBXSourcesBuildPhase;
			buildActionMask = 2147483647;
			files = (
				6F9BF78025DED74B0006D9C7 /* Constants.swift in Sources */,
				6F9BF75C25DE6A6C0006D9C7 /* MovieCell.swift in Sources */,
				6F9BF78825DEDED10006D9C7 /* BaseViewController.swift in Sources */,
				6F27349425DD4B3100C7307B /* MovieModal.swift in Sources */,
				6F27348125DD422600C7307B /* NetworkConstants.swift in Sources */,
				6F9DB37425DFC790001E7AA1 /* Alertable.swift in Sources */,
				6F27346925DD401B00C7307B /* MovieListViewController.swift in Sources */,
				6F27342925DD3EE600C7307B /* AppDelegate.swift in Sources */,
				6F9DB38B25DFE6FE001E7AA1 /* DetailViewController.swift in Sources */,
				6F9BF73925DE687C0006D9C7 /* CollectionView.swift in Sources */,
				6F9BF77B25DEBD790006D9C7 /* FooterCollectionReusableView.swift in Sources */,
				6F9BF76E25DE90F40006D9C7 /* MyBarButton.swift in Sources */,
				6F2734A125DD4D7B00C7307B /* MovieNetwork.swift in Sources */,
				6F27342B25DD3EE600C7307B /* SceneDelegate.swift in Sources */,
				6F2734AF25DD559500C7307B /* Url.swift in Sources */,
				6F27347725DD416000C7307B /* TheMovieTarget.swift in Sources */,
				6F9BF73E25DE68BB0006D9C7 /* ReusableView.swift in Sources */,
				6F9BF76525DE75F30006D9C7 /* UIImageView.swift in Sources */,
				6F9BF77625DE92DD0006D9C7 /* UIViewController.swift in Sources */,
				6F9BF74325DE68E40006D9C7 /* NibLoadedView.swift in Sources */,
				6F27348925DD49B000C7307B /* PopularMovieResourceImpl.swift in Sources */,
				6F2734A925DD4DC500C7307B /* MultiTarget.swift in Sources */,
				6F27347C25DD417900C7307B /* ApiTarget.swift in Sources */,
				6F9DB39025E001AB001E7AA1 /* globalVariables.swift in Sources */,
				6F9DB39525E00328001E7AA1 /* Array.swift in Sources */,
				6F2734C625DD75D900C7307B /* GetPoster.swift in Sources */,
			);
			runOnlyForDeploymentPostprocessing = 0;
		};
		6F27343725DD3EE800C7307B /* Sources */ = {
			isa = PBXSourcesBuildPhase;
			buildActionMask = 2147483647;
			files = (
				6F27344025DD3EE800C7307B /* MovieListTests.swift in Sources */,
			);
			runOnlyForDeploymentPostprocessing = 0;
		};
		6F27344225DD3EE800C7307B /* Sources */ = {
			isa = PBXSourcesBuildPhase;
			buildActionMask = 2147483647;
			files = (
				6F27344B25DD3EE800C7307B /* MovieListUITests.swift in Sources */,
			);
			runOnlyForDeploymentPostprocessing = 0;
		};
/* End PBXSourcesBuildPhase section */

/* Begin PBXTargetDependency section */
		6F27343D25DD3EE800C7307B /* PBXTargetDependency */ = {
			isa = PBXTargetDependency;
			target = 6F27342425DD3EE600C7307B /* MovieList */;
			targetProxy = 6F27343C25DD3EE800C7307B /* PBXContainerItemProxy */;
		};
		6F27344825DD3EE800C7307B /* PBXTargetDependency */ = {
			isa = PBXTargetDependency;
			target = 6F27342425DD3EE600C7307B /* MovieList */;
			targetProxy = 6F27344725DD3EE800C7307B /* PBXContainerItemProxy */;
		};
/* End PBXTargetDependency section */

/* Begin PBXVariantGroup section */
		6F27343325DD3EE800C7307B /* LaunchScreen.storyboard */ = {
			isa = PBXVariantGroup;
			children = (
				6F27343425DD3EE800C7307B /* Base */,
			);
			name = LaunchScreen.storyboard;
			sourceTree = "<group>";
		};
/* End PBXVariantGroup section */

/* Begin XCBuildConfiguration section */
		6F27344D25DD3EE800C7307B /* Debug */ = {
			isa = XCBuildConfiguration;
			buildSettings = {
				ALWAYS_SEARCH_USER_PATHS = NO;
				CLANG_ANALYZER_NONNULL = YES;
				CLANG_ANALYZER_NUMBER_OBJECT_CONVERSION = YES_AGGRESSIVE;
				CLANG_CXX_LANGUAGE_STANDARD = "gnu++14";
				CLANG_CXX_LIBRARY = "libc++";
				CLANG_ENABLE_MODULES = YES;
				CLANG_ENABLE_OBJC_ARC = YES;
				CLANG_ENABLE_OBJC_WEAK = YES;
				CLANG_WARN_BLOCK_CAPTURE_AUTORELEASING = YES;
				CLANG_WARN_BOOL_CONVERSION = YES;
				CLANG_WARN_COMMA = YES;
				CLANG_WARN_CONSTANT_CONVERSION = YES;
				CLANG_WARN_DEPRECATED_OBJC_IMPLEMENTATIONS = YES;
				CLANG_WARN_DIRECT_OBJC_ISA_USAGE = YES_ERROR;
				CLANG_WARN_DOCUMENTATION_COMMENTS = YES;
				CLANG_WARN_EMPTY_BODY = YES;
				CLANG_WARN_ENUM_CONVERSION = YES;
				CLANG_WARN_INFINITE_RECURSION = YES;
				CLANG_WARN_INT_CONVERSION = YES;
				CLANG_WARN_NON_LITERAL_NULL_CONVERSION = YES;
				CLANG_WARN_OBJC_IMPLICIT_RETAIN_SELF = YES;
				CLANG_WARN_OBJC_LITERAL_CONVERSION = YES;
				CLANG_WARN_OBJC_ROOT_CLASS = YES_ERROR;
				CLANG_WARN_QUOTED_INCLUDE_IN_FRAMEWORK_HEADER = YES;
				CLANG_WARN_RANGE_LOOP_ANALYSIS = YES;
				CLANG_WARN_STRICT_PROTOTYPES = YES;
				CLANG_WARN_SUSPICIOUS_MOVE = YES;
				CLANG_WARN_UNGUARDED_AVAILABILITY = YES_AGGRESSIVE;
				CLANG_WARN_UNREACHABLE_CODE = YES;
				CLANG_WARN__DUPLICATE_METHOD_MATCH = YES;
				COPY_PHASE_STRIP = NO;
				DEBUG_INFORMATION_FORMAT = dwarf;
				ENABLE_STRICT_OBJC_MSGSEND = YES;
				ENABLE_TESTABILITY = YES;
				GCC_C_LANGUAGE_STANDARD = gnu11;
				GCC_DYNAMIC_NO_PIC = NO;
				GCC_NO_COMMON_BLOCKS = YES;
				GCC_OPTIMIZATION_LEVEL = 0;
				GCC_PREPROCESSOR_DEFINITIONS = (
					"DEBUG=1",
					"$(inherited)",
				);
				GCC_WARN_64_TO_32_BIT_CONVERSION = YES;
				GCC_WARN_ABOUT_RETURN_TYPE = YES_ERROR;
				GCC_WARN_UNDECLARED_SELECTOR = YES;
				GCC_WARN_UNINITIALIZED_AUTOS = YES_AGGRESSIVE;
				GCC_WARN_UNUSED_FUNCTION = YES;
				GCC_WARN_UNUSED_VARIABLE = YES;
				IPHONEOS_DEPLOYMENT_TARGET = 14.2;
				MTL_ENABLE_DEBUG_INFO = INCLUDE_SOURCE;
				MTL_FAST_MATH = YES;
				ONLY_ACTIVE_ARCH = YES;
				SDKROOT = iphoneos;
				SWIFT_ACTIVE_COMPILATION_CONDITIONS = DEBUG;
				SWIFT_OPTIMIZATION_LEVEL = "-Onone";
			};
			name = Debug;
		};
		6F27344E25DD3EE800C7307B /* Release */ = {
			isa = XCBuildConfiguration;
			buildSettings = {
				ALWAYS_SEARCH_USER_PATHS = NO;
				CLANG_ANALYZER_NONNULL = YES;
				CLANG_ANALYZER_NUMBER_OBJECT_CONVERSION = YES_AGGRESSIVE;
				CLANG_CXX_LANGUAGE_STANDARD = "gnu++14";
				CLANG_CXX_LIBRARY = "libc++";
				CLANG_ENABLE_MODULES = YES;
				CLANG_ENABLE_OBJC_ARC = YES;
				CLANG_ENABLE_OBJC_WEAK = YES;
				CLANG_WARN_BLOCK_CAPTURE_AUTORELEASING = YES;
				CLANG_WARN_BOOL_CONVERSION = YES;
				CLANG_WARN_COMMA = YES;
				CLANG_WARN_CONSTANT_CONVERSION = YES;
				CLANG_WARN_DEPRECATED_OBJC_IMPLEMENTATIONS = YES;
				CLANG_WARN_DIRECT_OBJC_ISA_USAGE = YES_ERROR;
				CLANG_WARN_DOCUMENTATION_COMMENTS = YES;
				CLANG_WARN_EMPTY_BODY = YES;
				CLANG_WARN_ENUM_CONVERSION = YES;
				CLANG_WARN_INFINITE_RECURSION = YES;
				CLANG_WARN_INT_CONVERSION = YES;
				CLANG_WARN_NON_LITERAL_NULL_CONVERSION = YES;
				CLANG_WARN_OBJC_IMPLICIT_RETAIN_SELF = YES;
				CLANG_WARN_OBJC_LITERAL_CONVERSION = YES;
				CLANG_WARN_OBJC_ROOT_CLASS = YES_ERROR;
				CLANG_WARN_QUOTED_INCLUDE_IN_FRAMEWORK_HEADER = YES;
				CLANG_WARN_RANGE_LOOP_ANALYSIS = YES;
				CLANG_WARN_STRICT_PROTOTYPES = YES;
				CLANG_WARN_SUSPICIOUS_MOVE = YES;
				CLANG_WARN_UNGUARDED_AVAILABILITY = YES_AGGRESSIVE;
				CLANG_WARN_UNREACHABLE_CODE = YES;
				CLANG_WARN__DUPLICATE_METHOD_MATCH = YES;
				COPY_PHASE_STRIP = NO;
				DEBUG_INFORMATION_FORMAT = "dwarf-with-dsym";
				ENABLE_NS_ASSERTIONS = NO;
				ENABLE_STRICT_OBJC_MSGSEND = YES;
				GCC_C_LANGUAGE_STANDARD = gnu11;
				GCC_NO_COMMON_BLOCKS = YES;
				GCC_WARN_64_TO_32_BIT_CONVERSION = YES;
				GCC_WARN_ABOUT_RETURN_TYPE = YES_ERROR;
				GCC_WARN_UNDECLARED_SELECTOR = YES;
				GCC_WARN_UNINITIALIZED_AUTOS = YES_AGGRESSIVE;
				GCC_WARN_UNUSED_FUNCTION = YES;
				GCC_WARN_UNUSED_VARIABLE = YES;
				IPHONEOS_DEPLOYMENT_TARGET = 14.2;
				MTL_ENABLE_DEBUG_INFO = NO;
				MTL_FAST_MATH = YES;
				SDKROOT = iphoneos;
				SWIFT_COMPILATION_MODE = wholemodule;
				SWIFT_OPTIMIZATION_LEVEL = "-O";
				VALIDATE_PRODUCT = YES;
			};
			name = Release;
		};
		6F27345025DD3EE800C7307B /* Debug */ = {
			isa = XCBuildConfiguration;
			buildSettings = {
				ASSETCATALOG_COMPILER_APPICON_NAME = AppIcon;
				ASSETCATALOG_COMPILER_GLOBAL_ACCENT_COLOR_NAME = AccentColor;
				CODE_SIGN_STYLE = Automatic;
				DEVELOPMENT_TEAM = 5ZLMX3ASA5;
				INFOPLIST_FILE = MovieList/Info.plist;
				LD_RUNPATH_SEARCH_PATHS = (
					"$(inherited)",
					"@executable_path/Frameworks",
				);
				PRODUCT_BUNDLE_IDENTIFIER = obss.MovieList;
				PRODUCT_NAME = "$(TARGET_NAME)";
				SWIFT_VERSION = 5.0;
				TARGETED_DEVICE_FAMILY = "1,2";
			};
			name = Debug;
		};
		6F27345125DD3EE800C7307B /* Release */ = {
			isa = XCBuildConfiguration;
			buildSettings = {
				ASSETCATALOG_COMPILER_APPICON_NAME = AppIcon;
				ASSETCATALOG_COMPILER_GLOBAL_ACCENT_COLOR_NAME = AccentColor;
				CODE_SIGN_STYLE = Automatic;
				DEVELOPMENT_TEAM = 5ZLMX3ASA5;
				INFOPLIST_FILE = MovieList/Info.plist;
				LD_RUNPATH_SEARCH_PATHS = (
					"$(inherited)",
					"@executable_path/Frameworks",
				);
				PRODUCT_BUNDLE_IDENTIFIER = obss.MovieList;
				PRODUCT_NAME = "$(TARGET_NAME)";
				SWIFT_VERSION = 5.0;
				TARGETED_DEVICE_FAMILY = "1,2";
			};
			name = Release;
		};
		6F27345325DD3EE800C7307B /* Debug */ = {
			isa = XCBuildConfiguration;
			buildSettings = {
				ALWAYS_EMBED_SWIFT_STANDARD_LIBRARIES = YES;
				BUNDLE_LOADER = "$(TEST_HOST)";
				CODE_SIGN_STYLE = Automatic;
				INFOPLIST_FILE = MovieListTests/Info.plist;
				IPHONEOS_DEPLOYMENT_TARGET = 14.2;
				LD_RUNPATH_SEARCH_PATHS = (
					"$(inherited)",
					"@executable_path/Frameworks",
					"@loader_path/Frameworks",
				);
				PRODUCT_BUNDLE_IDENTIFIER = obss.MovieListTests;
				PRODUCT_NAME = "$(TARGET_NAME)";
				SWIFT_VERSION = 5.0;
				TARGETED_DEVICE_FAMILY = "1,2";
				TEST_HOST = "$(BUILT_PRODUCTS_DIR)/MovieList.app/MovieList";
			};
			name = Debug;
		};
		6F27345425DD3EE800C7307B /* Release */ = {
			isa = XCBuildConfiguration;
			buildSettings = {
				ALWAYS_EMBED_SWIFT_STANDARD_LIBRARIES = YES;
				BUNDLE_LOADER = "$(TEST_HOST)";
				CODE_SIGN_STYLE = Automatic;
				INFOPLIST_FILE = MovieListTests/Info.plist;
				IPHONEOS_DEPLOYMENT_TARGET = 14.2;
				LD_RUNPATH_SEARCH_PATHS = (
					"$(inherited)",
					"@executable_path/Frameworks",
					"@loader_path/Frameworks",
				);
				PRODUCT_BUNDLE_IDENTIFIER = obss.MovieListTests;
				PRODUCT_NAME = "$(TARGET_NAME)";
				SWIFT_VERSION = 5.0;
				TARGETED_DEVICE_FAMILY = "1,2";
				TEST_HOST = "$(BUILT_PRODUCTS_DIR)/MovieList.app/MovieList";
			};
			name = Release;
		};
		6F27345625DD3EE800C7307B /* Debug */ = {
			isa = XCBuildConfiguration;
			buildSettings = {
				ALWAYS_EMBED_SWIFT_STANDARD_LIBRARIES = YES;
				CODE_SIGN_STYLE = Automatic;
				INFOPLIST_FILE = MovieListUITests/Info.plist;
				LD_RUNPATH_SEARCH_PATHS = (
					"$(inherited)",
					"@executable_path/Frameworks",
					"@loader_path/Frameworks",
				);
				PRODUCT_BUNDLE_IDENTIFIER = obss.MovieListUITests;
				PRODUCT_NAME = "$(TARGET_NAME)";
				SWIFT_VERSION = 5.0;
				TARGETED_DEVICE_FAMILY = "1,2";
				TEST_TARGET_NAME = MovieList;
			};
			name = Debug;
		};
		6F27345725DD3EE800C7307B /* Release */ = {
			isa = XCBuildConfiguration;
			buildSettings = {
				ALWAYS_EMBED_SWIFT_STANDARD_LIBRARIES = YES;
				CODE_SIGN_STYLE = Automatic;
				INFOPLIST_FILE = MovieListUITests/Info.plist;
				LD_RUNPATH_SEARCH_PATHS = (
					"$(inherited)",
					"@executable_path/Frameworks",
					"@loader_path/Frameworks",
				);
				PRODUCT_BUNDLE_IDENTIFIER = obss.MovieListUITests;
				PRODUCT_NAME = "$(TARGET_NAME)";
				SWIFT_VERSION = 5.0;
				TARGETED_DEVICE_FAMILY = "1,2";
				TEST_TARGET_NAME = MovieList;
			};
			name = Release;
		};
/* End XCBuildConfiguration section */

/* Begin XCConfigurationList section */
		6F27342025DD3EE600C7307B /* Build configuration list for PBXProject "MovieList" */ = {
			isa = XCConfigurationList;
			buildConfigurations = (
				6F27344D25DD3EE800C7307B /* Debug */,
				6F27344E25DD3EE800C7307B /* Release */,
			);
			defaultConfigurationIsVisible = 0;
			defaultConfigurationName = Release;
		};
		6F27344F25DD3EE800C7307B /* Build configuration list for PBXNativeTarget "MovieList" */ = {
			isa = XCConfigurationList;
			buildConfigurations = (
				6F27345025DD3EE800C7307B /* Debug */,
				6F27345125DD3EE800C7307B /* Release */,
			);
			defaultConfigurationIsVisible = 0;
			defaultConfigurationName = Release;
		};
		6F27345225DD3EE800C7307B /* Build configuration list for PBXNativeTarget "MovieListTests" */ = {
			isa = XCConfigurationList;
			buildConfigurations = (
				6F27345325DD3EE800C7307B /* Debug */,
				6F27345425DD3EE800C7307B /* Release */,
			);
			defaultConfigurationIsVisible = 0;
			defaultConfigurationName = Release;
		};
		6F27345525DD3EE800C7307B /* Build configuration list for PBXNativeTarget "MovieListUITests" */ = {
			isa = XCConfigurationList;
			buildConfigurations = (
				6F27345625DD3EE800C7307B /* Debug */,
				6F27345725DD3EE800C7307B /* Release */,
			);
			defaultConfigurationIsVisible = 0;
			defaultConfigurationName = Release;
		};
/* End XCConfigurationList section */
	};
	rootObject = 6F27341D25DD3EE600C7307B /* Project object */;
}
